
Microsoft Visual Studio Solution File, Format Version 12.00
# 
VisualStudioVersion = 17.5.001.0
MinimumVisualStudioVersion = 
Project("{FAE04EC0-301F-11D3-BF4B-00C04F79EFBC}") = "HelloWorld", "HelloWorld\HelloWorld.csproj", "{505C93F1-1A87-47F2-BFB4-83296DF33FF5}"
EndProject
Project("{FAE04EC0-301F-11D3-BF4B-00C04F79EFBC}") = "ProgramArguments", "ProgramArguments\ProgramArguments.csproj", "{D6DFA9A1-FC00-409E-BD15-808C612362C9}"
EndProject
Project("{FAE04EC0-301F-11D3-BF4B-00C04F79EFBC}") = "ConsoleInput", "ConsoleInput\ConsoleInput.csproj", "{888EAD23-48CF-4C9E-849C-A6BBD49890BC}"
EndProject
Project("{FAE04EC0-301F-11D3-BF4B-00C04F79EFBC}") = "ValueTypes", "ValueTypes\ValueTypes.csproj", "{8118521C-E884-4A67-8A8E-72FE2C101C15}"
EndProject
Project("{FAE04EC0-301F-11D3-BF4B-00C04F79EFBC}") = "TypeConversion", "TypeConversion\TypeConversion.csproj", "{F7EB37AA-EB79-45CA-9105-56F40B05CAE2}"
EndProject
Project("{FAE04EC0-301F-11D3-BF4B-00C04F79EFBC}") = "Strings", "Strings\Strings.csproj", "{7853AC2B-DA9C-43C7-ABC9-1EE9246959A1}"
EndProject
Project("{FAE04EC0-301F-11D3-BF4B-00C04F79EFBC}") = "StringParsing", "StringParsing\StringParsing.csproj", "{1F4CBC09-BDCA-4D26-A7EE-235F7BAE6503}"
EndProject
Project("{FAE04EC0-301F-11D3-BF4B-00C04F79EFBC}") = "DateTime", "DateTime\DateTime.csproj", "{7D3EA733-968D-4F67-9BA2-CDE09C35DF3E}"
EndProject
Project("{FAE04EC0-301F-11D3-BF4B-00C04F79EFBC}") = "Operators", "Operators\Operators.csproj", "{D4BB421F-2861-48A0-B821-E3924E56A11A}"
EndProject
Project("{FAE04EC0-301F-11D3-BF4B-00C04F79EFBC}") = "Conditionals", "Conditionals\Conditionals.csproj", "{B903F593-0C38-418C-930E-8D4B29EC4CDB}"
EndProject
Project("{FAE04EC0-301F-11D3-BF4B-00C04F79EFBC}") = "Switch", "Switch\Switch.csproj", "{489048B0-E58D-4F6C-8BB3-1900A37E078A}"
EndProject
Project("{FAE04EC0-301F-11D3-BF4B-00C04F79EFBC}") = "IterationStatements", "IterationStatements\IterationStatements.csproj", "{4613760D-CE07-495C-96C9-36AB2C78BC17}"
EndProject
Project("{FAE04EC0-301F-11D3-BF4B-00C04F79EFBC}") = "LoopChallenge1", "LoopChallenge1\LoopChallenge1.csproj", "{C6E229F6-91AE-4E48-BD52-BED138E14832}"
EndProject
Project("{FAE04EC0-301F-11D3-BF4B-00C04F79EFBC}") = "VariableScope", "VariableScope\VariableScope.csproj", "{DFC0C2D5-DCB7-4C9B-B3FD-FBEC7A86427A}"
EndProject
Project("{FAE04EC0-301F-11D3-BF4B-00C04F79EFBC}") = "Calculator", "Calculator\Calculator.csproj", "{65102D3C-E47E-47B1-A1E7-3D4F6E70F659}"
EndProject
Project("{FAE04EC0-301F-11D3-BF4B-00C04F79EFBC}") = "BasicClass", "..\OOP\BasicClass\BasicClass.csproj", "{FC8B0275-5CDD-494D-A938-06AEADB067A1}"
EndProject
Project("{FAE04EC0-301F-11D3-BF4B-00C04F79EFBC}") = "MyFirstClass", "..\OOP\MyFirstClass\MyFirstClass.csproj", "{00123761-0EE7-4128-B5BB-E7D1D1C61BC1}"
EndProject
Project("{FAE04EC0-301F-11D3-BF4B-00C04F79EFBC}") = "Namespaces", "..\OOP\Namespaces\Namespaces.csproj", "{551B5E93-2C35-48E3-B4FE-FF96ED1D37A6}"
EndProject
Project("{FAE04EC0-301F-11D3-BF4B-00C04F79EFBC}") = "Interfaces", "..\OOP\Interfaces\Interfaces.csproj", "{F96AEAFE-8983-451E-A1FB-84D2AB03B299}"
EndProject
Project("{FAE04EC0-301F-11D3-BF4B-00C04F79EFBC}") = "MethodOverloading", "MethodOverloading\MethodOverloading.csproj", "{B9E4EF1B-032C-4EFE-9D66-3CC02E55A59D}"
EndProject
Project("{FAE04EC0-301F-11D3-BF4B-00C04F79EFBC}") = "Inheritance", "..\OOP\Inheritance\Inheritance.csproj", "{2999CE50-6BC3-4995-AD08-A41BA6D56D3C}"
EndProject
Project("{FAE04EC0-301F-11D3-BF4B-00C04F79EFBC}") = "Polymorphism", "..\OOP\Polymorphism\Polymorphism.csproj", "{FAD0F797-63D9-4189-B4C0-764BCDE92870}"
EndProject
Project("{FAE04EC0-301F-11D3-BF4B-00C04F79EFBC}") = "AdvancedVariableScopes", "..\OOP\AdvancedVariableScopes\AdvancedVariableScopes.csproj", "{9143A8C6-3FB8-436B-822F-F6A8A2267D43}"
EndProject
Project("{FAE04EC0-301F-11D3-BF4B-00C04F79EFBC}") = "ConsoleAccountingSystem", "..\OOP\ConsoleAccountingSystem\ConsoleAccountingSystem.csproj", "{13B1BDC1-C2F5-4C41-A8C2-B363DA539B3F}"
EndProject
Project("{FAE04EC0-301F-11D3-BF4B-00C04F79EFBC}") = "ImplicitTyping", "..\VariableTypes\ImplicitTyping\ImplicitTyping.csproj", "{2E960A79-FFE4-472C-A83A-DEE4CBDC9AB3}"
EndProject
Project("{FAE04EC0-301F-11D3-BF4B-00C04F79EFBC}") = "Const", "..\VariableTypes\Const\Const.csproj", "{FBF9D077-D246-4208-9F16-5966FA568F31}"
EndProject
Project("{FAE04EC0-301F-11D3-BF4B-00C04F79EFBC}") = "GarbageCollection", "..\VariableTypes\GarbageCollection\GarbageCollection.csproj", "{8CA3B436-1B2C-4622-A4EA-EE6700C798BB}"
EndProject
Project("{FAE04EC0-301F-11D3-BF4B-00C04F79EFBC}") = "Enumerations", "..\VariableTypes\Enumerations\Enumerations.csproj", "{38DD0DC4-02EB-4257-AD1A-64370AE2E993}"
EndProject
Project("{FAE04EC0-301F-11D3-BF4B-00C04F79EFBC}") = "SwitchExpressions", "..\VariableTypes\SwitchExpressions\SwitchExpressions.csproj", "{1D8D551D-A018-4247-B970-D38EC0248323}"
EndProject
Project("{FAE04EC0-301F-11D3-BF4B-00C04F79EFBC}") = "Structs", "..\VariableTypes\Structs\Structs.csproj", "{5E2BFE5A-A4B8-483A-9DE4-C73831F99E48}"
EndProject
Project("{FAE04EC0-301F-11D3-BF4B-00C04F79EFBC}") = "MethodArguments", "..\VariableTypes\MethodArguments\MethodArguments.csproj", "{799AD7C6-A19C-4037-9341-1CEAD689D00A}"
EndProject
Project("{FAE04EC0-301F-11D3-BF4B-00C04F79EFBC}") = "MethodArgumentsTypeParams", "..\VariableTypes\MethodArgumentsTypeParams\MethodArgumentsTypeParams.csproj", "{FFB71CB6-2B45-4286-ACAE-C0D54D0D30B4}"
EndProject
Project("{FAE04EC0-301F-11D3-BF4B-00C04F79EFBC}") = "ExceptionHandling", "..\VariableTypes\ExceptionHandling\ExceptionHandling.csproj", "{0A19B5F3-FBBE-4395-8B45-EB581E257076}"
EndProject
Project("{FAE04EC0-301F-11D3-BF4B-00C04F79EFBC}") = "Arrays", "..\ArraysAndCollections\Arrays\Arrays.csproj", "{536FF691-661D-4543-989E-F05843681FC8}"
EndProject
Project("{FAE04EC0-301F-11D3-BF4B-00C04F79EFBC}") = "ArrayList", "..\ArraysAndCollections\ArrayList\ArrayList.csproj", "{F9400DF9-543E-485F-8088-55EA936D5334}"
EndProject
Project("{FAE04EC0-301F-11D3-BF4B-00C04F79EFBC}") = "List", "..\ArraysAndCollections\List\List.csproj", "{CE01691F-AFCD-4B4F-979E-40FFF78FEF68}"
EndProject
Project("{FAE04EC0-301F-11D3-BF4B-00C04F79EFBC}") = "Stack", "..\ArraysAndCollections\Stack\Stack.csproj", "{A61E1119-A47D-462C-8FBF-1ECA1EB0072E}"
EndProject
Project("{FAE04EC0-301F-11D3-BF4B-00C04F79EFBC}") = "Queue", "..\ArraysAndCollections\Queue\Queue.csproj", "{240D207B-0CE5-4C0D-BCB8-056DC30E4B9E}"
EndProject
Project("{FAE04EC0-301F-11D3-BF4B-00C04F79EFBC}") = "Dictionary", "..\ArraysAndCollections\Dictionary\Dictionary.csproj", "{D353FE5F-21A1-4C07-8EBE-DC5075352F3A}"
EndProject
Project("{FAE04EC0-301F-11D3-BF4B-00C04F79EFBC}") = "NamedArguments", "..\AdvancedC#\NamedArguments\NamedArguments.csproj", "{7C05A148-DA54-4624-98E9-085446AD44DF}"
EndProject
Project("{FAE04EC0-301F-11D3-BF4B-00C04F79EFBC}") = "OptionalArguments", "..\AdvancedC#\OptionalArguments\OptionalArguments.csproj", "{71C58DBA-2D86-4DD5-80CA-2A66E47DD079}"
EndProject
Project("{FAE04EC0-301F-11D3-BF4B-00C04F79EFBC}") = "ExtensionMethods", "..\AdvancedC#\ExtensionMethods\ExtensionMethods.csproj", "{5560571E-A423-4D32-8A28-D9517E5D0647}"
EndProject
Project("{2150E333-8FDC-42A3-9474-1A3956D46DE8}") = "LINQ", "LINQ", "{8DB6B4E9-0F0F-4CCF-8DC3-6617BE7F47BC}"
EndProject
Project("{FAE04EC0-301F-11D3-BF4B-00C04F79EFBC}") = "FilteringData", "..\LINQ\FilteringData\FilteringData.csproj", "{AF50951D-AA32-443E-9BBF-8F922833C1FA}"
EndProject
Project("{FAE04EC0-301F-11D3-BF4B-00C04F79EFBC}") = "OrderingData", "..\LINQ\OrderingData\OrderingData.csproj", "{E4FEB8D5-D709-4754-A4D3-0B02711F7933}"
EndProject
Project("{FAE04EC0-301F-11D3-BF4B-00C04F79EFBC}") = "SelectingData", "..\LINQ\SelectingData\SelectingData.csproj", "{A068CECF-43A8-44E1-92BE-EDCD3CD51063}"
EndProject
Project("{FAE04EC0-301F-11D3-BF4B-00C04F79EFBC}") = "GroupingData", "LINQ\GroupingData\GroupingData.csproj", "{2EFA5E39-0D2D-43B4-A7C4-A99A29FB8CEC}"
EndProject
Project("{FAE04EC0-301F-11D3-BF4B-00C04F79EFBC}") = "QuerySyntax", "..\LINQ\QuerySyntax\QuerySyntax.csproj", "{F58C7574-9AE6-498E-9E08-DCC6B0C9200E}"
EndProject
Global
	GlobalSection(SolutionConfigurationPlatforms) = preSolution
		Debug|Any CPU = Debug|Any CPU
		Release|Any CPU = Release|Any CPU
	EndGlobalSection
	GlobalSection(ProjectConfigurationPlatforms) = postSolution
		{505C93F1-1A87-47F2-BFB4-83296DF33FF5}.Debug|Any CPU.ActiveCfg = Debug|Any CPU
		{505C93F1-1A87-47F2-BFB4-83296DF33FF5}.Debug|Any CPU.Build.0 = Debug|Any CPU
		{505C93F1-1A87-47F2-BFB4-83296DF33FF5}.Release|Any CPU.ActiveCfg = Release|Any CPU
		{505C93F1-1A87-47F2-BFB4-83296DF33FF5}.Release|Any CPU.Build.0 = Release|Any CPU
		{D6DFA9A1-FC00-409E-BD15-808C612362C9}.Debug|Any CPU.ActiveCfg = Debug|Any CPU
		{D6DFA9A1-FC00-409E-BD15-808C612362C9}.Debug|Any CPU.Build.0 = Debug|Any CPU
		{D6DFA9A1-FC00-409E-BD15-808C612362C9}.Release|Any CPU.ActiveCfg = Release|Any CPU
		{D6DFA9A1-FC00-409E-BD15-808C612362C9}.Release|Any CPU.Build.0 = Release|Any CPU
		{888EAD23-48CF-4C9E-849C-A6BBD49890BC}.Debug|Any CPU.ActiveCfg = Debug|Any CPU
		{888EAD23-48CF-4C9E-849C-A6BBD49890BC}.Debug|Any CPU.Build.0 = Debug|Any CPU
		{888EAD23-48CF-4C9E-849C-A6BBD49890BC}.Release|Any CPU.ActiveCfg = Release|Any CPU
		{888EAD23-48CF-4C9E-849C-A6BBD49890BC}.Release|Any CPU.Build.0 = Release|Any CPU
		{8118521C-E884-4A67-8A8E-72FE2C101C15}.Debug|Any CPU.ActiveCfg = Debug|Any CPU
		{8118521C-E884-4A67-8A8E-72FE2C101C15}.Debug|Any CPU.Build.0 = Debug|Any CPU
		{8118521C-E884-4A67-8A8E-72FE2C101C15}.Release|Any CPU.ActiveCfg = Release|Any CPU
		{8118521C-E884-4A67-8A8E-72FE2C101C15}.Release|Any CPU.Build.0 = Release|Any CPU
		{F7EB37AA-EB79-45CA-9105-56F40B05CAE2}.Debug|Any CPU.ActiveCfg = Debug|Any CPU
		{F7EB37AA-EB79-45CA-9105-56F40B05CAE2}.Debug|Any CPU.Build.0 = Debug|Any CPU
		{F7EB37AA-EB79-45CA-9105-56F40B05CAE2}.Release|Any CPU.ActiveCfg = Release|Any CPU
		{F7EB37AA-EB79-45CA-9105-56F40B05CAE2}.Release|Any CPU.Build.0 = Release|Any CPU
		{7853AC2B-DA9C-43C7-ABC9-1EE9246959A1}.Debug|Any CPU.ActiveCfg = Debug|Any CPU
		{7853AC2B-DA9C-43C7-ABC9-1EE9246959A1}.Debug|Any CPU.Build.0 = Debug|Any CPU
		{7853AC2B-DA9C-43C7-ABC9-1EE9246959A1}.Release|Any CPU.ActiveCfg = Release|Any CPU
		{7853AC2B-DA9C-43C7-ABC9-1EE9246959A1}.Release|Any CPU.Build.0 = Release|Any CPU
		{1F4CBC09-BDCA-4D26-A7EE-235F7BAE6503}.Debug|Any CPU.ActiveCfg = Debug|Any CPU
		{1F4CBC09-BDCA-4D26-A7EE-235F7BAE6503}.Debug|Any CPU.Build.0 = Debug|Any CPU
		{1F4CBC09-BDCA-4D26-A7EE-235F7BAE6503}.Release|Any CPU.ActiveCfg = Release|Any CPU
		{1F4CBC09-BDCA-4D26-A7EE-235F7BAE6503}.Release|Any CPU.Build.0 = Release|Any CPU
		{7D3EA733-968D-4F67-9BA2-CDE09C35DF3E}.Debug|Any CPU.ActiveCfg = Debug|Any CPU
		{7D3EA733-968D-4F67-9BA2-CDE09C35DF3E}.Debug|Any CPU.Build.0 = Debug|Any CPU
		{7D3EA733-968D-4F67-9BA2-CDE09C35DF3E}.Release|Any CPU.ActiveCfg = Release|Any CPU
		{7D3EA733-968D-4F67-9BA2-CDE09C35DF3E}.Release|Any CPU.Build.0 = Release|Any CPU
		{D4BB421F-2861-48A0-B821-E3924E56A11A}.Debug|Any CPU.ActiveCfg = Debug|Any CPU
		{D4BB421F-2861-48A0-B821-E3924E56A11A}.Debug|Any CPU.Build.0 = Debug|Any CPU
		{D4BB421F-2861-48A0-B821-E3924E56A11A}.Release|Any CPU.ActiveCfg = Release|Any CPU
		{D4BB421F-2861-48A0-B821-E3924E56A11A}.Release|Any CPU.Build.0 = Release|Any CPU
		{B903F593-0C38-418C-930E-8D4B29EC4CDB}.Debug|Any CPU.ActiveCfg = Debug|Any CPU
		{B903F593-0C38-418C-930E-8D4B29EC4CDB}.Debug|Any CPU.Build.0 = Debug|Any CPU
		{B903F593-0C38-418C-930E-8D4B29EC4CDB}.Release|Any CPU.ActiveCfg = Release|Any CPU
		{B903F593-0C38-418C-930E-8D4B29EC4CDB}.Release|Any CPU.Build.0 = Release|Any CPU
		{489048B0-E58D-4F6C-8BB3-1900A37E078A}.Debug|Any CPU.ActiveCfg = Debug|Any CPU
		{489048B0-E58D-4F6C-8BB3-1900A37E078A}.Debug|Any CPU.Build.0 = Debug|Any CPU
		{489048B0-E58D-4F6C-8BB3-1900A37E078A}.Release|Any CPU.ActiveCfg = Release|Any CPU
		{489048B0-E58D-4F6C-8BB3-1900A37E078A}.Release|Any CPU.Build.0 = Release|Any CPU
		{4613760D-CE07-495C-96C9-36AB2C78BC17}.Debug|Any CPU.ActiveCfg = Debug|Any CPU
		{4613760D-CE07-495C-96C9-36AB2C78BC17}.Debug|Any CPU.Build.0 = Debug|Any CPU
		{4613760D-CE07-495C-96C9-36AB2C78BC17}.Release|Any CPU.ActiveCfg = Release|Any CPU
		{4613760D-CE07-495C-96C9-36AB2C78BC17}.Release|Any CPU.Build.0 = Release|Any CPU
		{C6E229F6-91AE-4E48-BD52-BED138E14832}.Debug|Any CPU.ActiveCfg = Debug|Any CPU
		{C6E229F6-91AE-4E48-BD52-BED138E14832}.Debug|Any CPU.Build.0 = Debug|Any CPU
		{C6E229F6-91AE-4E48-BD52-BED138E14832}.Release|Any CPU.ActiveCfg = Release|Any CPU
		{C6E229F6-91AE-4E48-BD52-BED138E14832}.Release|Any CPU.Build.0 = Release|Any CPU
		{DFC0C2D5-DCB7-4C9B-B3FD-FBEC7A86427A}.Debug|Any CPU.ActiveCfg = Debug|Any CPU
		{DFC0C2D5-DCB7-4C9B-B3FD-FBEC7A86427A}.Debug|Any CPU.Build.0 = Debug|Any CPU
		{DFC0C2D5-DCB7-4C9B-B3FD-FBEC7A86427A}.Release|Any CPU.ActiveCfg = Release|Any CPU
		{DFC0C2D5-DCB7-4C9B-B3FD-FBEC7A86427A}.Release|Any CPU.Build.0 = Release|Any CPU
		{65102D3C-E47E-47B1-A1E7-3D4F6E70F659}.Debug|Any CPU.ActiveCfg = Debug|Any CPU
		{65102D3C-E47E-47B1-A1E7-3D4F6E70F659}.Debug|Any CPU.Build.0 = Debug|Any CPU
		{65102D3C-E47E-47B1-A1E7-3D4F6E70F659}.Release|Any CPU.ActiveCfg = Release|Any CPU
		{65102D3C-E47E-47B1-A1E7-3D4F6E70F659}.Release|Any CPU.Build.0 = Release|Any CPU
		{FC8B0275-5CDD-494D-A938-06AEADB067A1}.Debug|Any CPU.ActiveCfg = Debug|Any CPU
		{FC8B0275-5CDD-494D-A938-06AEADB067A1}.Debug|Any CPU.Build.0 = Debug|Any CPU
		{FC8B0275-5CDD-494D-A938-06AEADB067A1}.Release|Any CPU.ActiveCfg = Release|Any CPU
		{FC8B0275-5CDD-494D-A938-06AEADB067A1}.Release|Any CPU.Build.0 = Release|Any CPU
		{00123761-0EE7-4128-B5BB-E7D1D1C61BC1}.Debug|Any CPU.ActiveCfg = Debug|Any CPU
		{00123761-0EE7-4128-B5BB-E7D1D1C61BC1}.Debug|Any CPU.Build.0 = Debug|Any CPU
		{00123761-0EE7-4128-B5BB-E7D1D1C61BC1}.Release|Any CPU.ActiveCfg = Release|Any CPU
		{00123761-0EE7-4128-B5BB-E7D1D1C61BC1}.Release|Any CPU.Build.0 = Release|Any CPU
		{551B5E93-2C35-48E3-B4FE-FF96ED1D37A6}.Debug|Any CPU.ActiveCfg = Debug|Any CPU
		{551B5E93-2C35-48E3-B4FE-FF96ED1D37A6}.Debug|Any CPU.Build.0 = Debug|Any CPU
		{551B5E93-2C35-48E3-B4FE-FF96ED1D37A6}.Release|Any CPU.ActiveCfg = Release|Any CPU
		{551B5E93-2C35-48E3-B4FE-FF96ED1D37A6}.Release|Any CPU.Build.0 = Release|Any CPU
		{F96AEAFE-8983-451E-A1FB-84D2AB03B299}.Debug|Any CPU.ActiveCfg = Debug|Any CPU
		{F96AEAFE-8983-451E-A1FB-84D2AB03B299}.Debug|Any CPU.Build.0 = Debug|Any CPU
		{F96AEAFE-8983-451E-A1FB-84D2AB03B299}.Release|Any CPU.ActiveCfg = Release|Any CPU
		{F96AEAFE-8983-451E-A1FB-84D2AB03B299}.Release|Any CPU.Build.0 = Release|Any CPU
		{B9E4EF1B-032C-4EFE-9D66-3CC02E55A59D}.Debug|Any CPU.ActiveCfg = Debug|Any CPU
		{B9E4EF1B-032C-4EFE-9D66-3CC02E55A59D}.Debug|Any CPU.Build.0 = Debug|Any CPU
		{B9E4EF1B-032C-4EFE-9D66-3CC02E55A59D}.Release|Any CPU.ActiveCfg = Release|Any CPU
		{B9E4EF1B-032C-4EFE-9D66-3CC02E55A59D}.Release|Any CPU.Build.0 = Release|Any CPU
		{2999CE50-6BC3-4995-AD08-A41BA6D56D3C}.Debug|Any CPU.ActiveCfg = Debug|Any CPU
		{2999CE50-6BC3-4995-AD08-A41BA6D56D3C}.Debug|Any CPU.Build.0 = Debug|Any CPU
		{2999CE50-6BC3-4995-AD08-A41BA6D56D3C}.Release|Any CPU.ActiveCfg = Release|Any CPU
		{2999CE50-6BC3-4995-AD08-A41BA6D56D3C}.Release|Any CPU.Build.0 = Release|Any CPU
		{FAD0F797-63D9-4189-B4C0-764BCDE92870}.Debug|Any CPU.ActiveCfg = Debug|Any CPU
		{FAD0F797-63D9-4189-B4C0-764BCDE92870}.Debug|Any CPU.Build.0 = Debug|Any CPU
		{FAD0F797-63D9-4189-B4C0-764BCDE92870}.Release|Any CPU.ActiveCfg = Release|Any CPU
		{FAD0F797-63D9-4189-B4C0-764BCDE92870}.Release|Any CPU.Build.0 = Release|Any CPU
		{9143A8C6-3FB8-436B-822F-F6A8A2267D43}.Debug|Any CPU.ActiveCfg = Debug|Any CPU
		{9143A8C6-3FB8-436B-822F-F6A8A2267D43}.Debug|Any CPU.Build.0 = Debug|Any CPU
		{9143A8C6-3FB8-436B-822F-F6A8A2267D43}.Release|Any CPU.ActiveCfg = Release|Any CPU
		{9143A8C6-3FB8-436B-822F-F6A8A2267D43}.Release|Any CPU.Build.0 = Release|Any CPU
		{13B1BDC1-C2F5-4C41-A8C2-B363DA539B3F}.Debug|Any CPU.ActiveCfg = Debug|Any CPU
		{13B1BDC1-C2F5-4C41-A8C2-B363DA539B3F}.Debug|Any CPU.Build.0 = Debug|Any CPU
		{13B1BDC1-C2F5-4C41-A8C2-B363DA539B3F}.Release|Any CPU.ActiveCfg = Release|Any CPU
		{13B1BDC1-C2F5-4C41-A8C2-B363DA539B3F}.Release|Any CPU.Build.0 = Release|Any CPU
		{2E960A79-FFE4-472C-A83A-DEE4CBDC9AB3}.Debug|Any CPU.ActiveCfg = Debug|Any CPU
		{2E960A79-FFE4-472C-A83A-DEE4CBDC9AB3}.Debug|Any CPU.Build.0 = Debug|Any CPU
		{2E960A79-FFE4-472C-A83A-DEE4CBDC9AB3}.Release|Any CPU.ActiveCfg = Release|Any CPU
		{2E960A79-FFE4-472C-A83A-DEE4CBDC9AB3}.Release|Any CPU.Build.0 = Release|Any CPU
		{FBF9D077-D246-4208-9F16-5966FA568F31}.Debug|Any CPU.ActiveCfg = Debug|Any CPU
		{FBF9D077-D246-4208-9F16-5966FA568F31}.Debug|Any CPU.Build.0 = Debug|Any CPU
		{FBF9D077-D246-4208-9F16-5966FA568F31}.Release|Any CPU.ActiveCfg = Release|Any CPU
		{FBF9D077-D246-4208-9F16-5966FA568F31}.Release|Any CPU.Build.0 = Release|Any CPU
		{8CA3B436-1B2C-4622-A4EA-EE6700C798BB}.Debug|Any CPU.ActiveCfg = Debug|Any CPU
		{8CA3B436-1B2C-4622-A4EA-EE6700C798BB}.Debug|Any CPU.Build.0 = Debug|Any CPU
		{8CA3B436-1B2C-4622-A4EA-EE6700C798BB}.Release|Any CPU.ActiveCfg = Release|Any CPU
		{8CA3B436-1B2C-4622-A4EA-EE6700C798BB}.Release|Any CPU.Build.0 = Release|Any CPU
		{38DD0DC4-02EB-4257-AD1A-64370AE2E993}.Debug|Any CPU.ActiveCfg = Debug|Any CPU
		{38DD0DC4-02EB-4257-AD1A-64370AE2E993}.Debug|Any CPU.Build.0 = Debug|Any CPU
		{38DD0DC4-02EB-4257-AD1A-64370AE2E993}.Release|Any CPU.ActiveCfg = Release|Any CPU
		{38DD0DC4-02EB-4257-AD1A-64370AE2E993}.Release|Any CPU.Build.0 = Release|Any CPU
		{1D8D551D-A018-4247-B970-D38EC0248323}.Debug|Any CPU.ActiveCfg = Debug|Any CPU
		{1D8D551D-A018-4247-B970-D38EC0248323}.Debug|Any CPU.Build.0 = Debug|Any CPU
		{1D8D551D-A018-4247-B970-D38EC0248323}.Release|Any CPU.ActiveCfg = Release|Any CPU
		{1D8D551D-A018-4247-B970-D38EC0248323}.Release|Any CPU.Build.0 = Release|Any CPU
		{5E2BFE5A-A4B8-483A-9DE4-C73831F99E48}.Debug|Any CPU.ActiveCfg = Debug|Any CPU
		{5E2BFE5A-A4B8-483A-9DE4-C73831F99E48}.Debug|Any CPU.Build.0 = Debug|Any CPU
		{5E2BFE5A-A4B8-483A-9DE4-C73831F99E48}.Release|Any CPU.ActiveCfg = Release|Any CPU
		{5E2BFE5A-A4B8-483A-9DE4-C73831F99E48}.Release|Any CPU.Build.0 = Release|Any CPU
		{799AD7C6-A19C-4037-9341-1CEAD689D00A}.Debug|Any CPU.ActiveCfg = Debug|Any CPU
		{799AD7C6-A19C-4037-9341-1CEAD689D00A}.Debug|Any CPU.Build.0 = Debug|Any CPU
		{799AD7C6-A19C-4037-9341-1CEAD689D00A}.Release|Any CPU.ActiveCfg = Release|Any CPU
		{799AD7C6-A19C-4037-9341-1CEAD689D00A}.Release|Any CPU.Build.0 = Release|Any CPU
		{FFB71CB6-2B45-4286-ACAE-C0D54D0D30B4}.Debug|Any CPU.ActiveCfg = Debug|Any CPU
		{FFB71CB6-2B45-4286-ACAE-C0D54D0D30B4}.Debug|Any CPU.Build.0 = Debug|Any CPU
		{FFB71CB6-2B45-4286-ACAE-C0D54D0D30B4}.Release|Any CPU.ActiveCfg = Release|Any CPU
		{FFB71CB6-2B45-4286-ACAE-C0D54D0D30B4}.Release|Any CPU.Build.0 = Release|Any CPU
		{0A19B5F3-FBBE-4395-8B45-EB581E257076}.Debug|Any CPU.ActiveCfg = Debug|Any CPU
		{0A19B5F3-FBBE-4395-8B45-EB581E257076}.Debug|Any CPU.Build.0 = Debug|Any CPU
		{0A19B5F3-FBBE-4395-8B45-EB581E257076}.Release|Any CPU.ActiveCfg = Release|Any CPU
		{0A19B5F3-FBBE-4395-8B45-EB581E257076}.Release|Any CPU.Build.0 = Release|Any CPU
		{536FF691-661D-4543-989E-F05843681FC8}.Debug|Any CPU.ActiveCfg = Debug|Any CPU
		{536FF691-661D-4543-989E-F05843681FC8}.Debug|Any CPU.Build.0 = Debug|Any CPU
		{536FF691-661D-4543-989E-F05843681FC8}.Release|Any CPU.ActiveCfg = Release|Any CPU
		{536FF691-661D-4543-989E-F05843681FC8}.Release|Any CPU.Build.0 = Release|Any CPU
		{F9400DF9-543E-485F-8088-55EA936D5334}.Debug|Any CPU.ActiveCfg = Debug|Any CPU
		{F9400DF9-543E-485F-8088-55EA936D5334}.Debug|Any CPU.Build.0 = Debug|Any CPU
		{F9400DF9-543E-485F-8088-55EA936D5334}.Release|Any CPU.ActiveCfg = Release|Any CPU
		{F9400DF9-543E-485F-8088-55EA936D5334}.Release|Any CPU.Build.0 = Release|Any CPU
		{CE01691F-AFCD-4B4F-979E-40FFF78FEF68}.Debug|Any CPU.ActiveCfg = Debug|Any CPU
		{CE01691F-AFCD-4B4F-979E-40FFF78FEF68}.Debug|Any CPU.Build.0 = Debug|Any CPU
		{CE01691F-AFCD-4B4F-979E-40FFF78FEF68}.Release|Any CPU.ActiveCfg = Release|Any CPU
		{CE01691F-AFCD-4B4F-979E-40FFF78FEF68}.Release|Any CPU.Build.0 = Release|Any CPU
		{A61E1119-A47D-462C-8FBF-1ECA1EB0072E}.Debug|Any CPU.ActiveCfg = Debug|Any CPU
		{A61E1119-A47D-462C-8FBF-1ECA1EB0072E}.Debug|Any CPU.Build.0 = Debug|Any CPU
		{A61E1119-A47D-462C-8FBF-1ECA1EB0072E}.Release|Any CPU.ActiveCfg = Release|Any CPU
		{A61E1119-A47D-462C-8FBF-1ECA1EB0072E}.Release|Any CPU.Build.0 = Release|Any CPU
		{240D207B-0CE5-4C0D-BCB8-056DC30E4B9E}.Debug|Any CPU.ActiveCfg = Debug|Any CPU
		{240D207B-0CE5-4C0D-BCB8-056DC30E4B9E}.Debug|Any CPU.Build.0 = Debug|Any CPU
		{240D207B-0CE5-4C0D-BCB8-056DC30E4B9E}.Release|Any CPU.ActiveCfg = Release|Any CPU
		{240D207B-0CE5-4C0D-BCB8-056DC30E4B9E}.Release|Any CPU.Build.0 = Release|Any CPU
		{D353FE5F-21A1-4C07-8EBE-DC5075352F3A}.Debug|Any CPU.ActiveCfg = Debug|Any CPU
		{D353FE5F-21A1-4C07-8EBE-DC5075352F3A}.Debug|Any CPU.Build.0 = Debug|Any CPU
		{D353FE5F-21A1-4C07-8EBE-DC5075352F3A}.Release|Any CPU.ActiveCfg = Release|Any CPU
		{D353FE5F-21A1-4C07-8EBE-DC5075352F3A}.Release|Any CPU.Build.0 = Release|Any CPU
		{7C05A148-DA54-4624-98E9-085446AD44DF}.Debug|Any CPU.ActiveCfg = Debug|Any CPU
		{7C05A148-DA54-4624-98E9-085446AD44DF}.Debug|Any CPU.Build.0 = Debug|Any CPU
		{7C05A148-DA54-4624-98E9-085446AD44DF}.Release|Any CPU.ActiveCfg = Release|Any CPU
		{7C05A148-DA54-4624-98E9-085446AD44DF}.Release|Any CPU.Build.0 = Release|Any CPU
		{71C58DBA-2D86-4DD5-80CA-2A66E47DD079}.Debug|Any CPU.ActiveCfg = Debug|Any CPU
		{71C58DBA-2D86-4DD5-80CA-2A66E47DD079}.Debug|Any CPU.Build.0 = Debug|Any CPU
		{71C58DBA-2D86-4DD5-80CA-2A66E47DD079}.Release|Any CPU.ActiveCfg = Release|Any CPU
		{71C58DBA-2D86-4DD5-80CA-2A66E47DD079}.Release|Any CPU.Build.0 = Release|Any CPU
		{5560571E-A423-4D32-8A28-D9517E5D0647}.Debug|Any CPU.ActiveCfg = Debug|Any CPU
		{5560571E-A423-4D32-8A28-D9517E5D0647}.Debug|Any CPU.Build.0 = Debug|Any CPU
		{5560571E-A423-4D32-8A28-D9517E5D0647}.Release|Any CPU.ActiveCfg = Release|Any CPU
		{5560571E-A423-4D32-8A28-D9517E5D0647}.Release|Any CPU.Build.0 = Release|Any CPU
		{AF50951D-AA32-443E-9BBF-8F922833C1FA}.Debug|Any CPU.ActiveCfg = Debug|Any CPU
		{AF50951D-AA32-443E-9BBF-8F922833C1FA}.Debug|Any CPU.Build.0 = Debug|Any CPU
		{AF50951D-AA32-443E-9BBF-8F922833C1FA}.Release|Any CPU.ActiveCfg = Release|Any CPU
		{AF50951D-AA32-443E-9BBF-8F922833C1FA}.Release|Any CPU.Build.0 = Release|Any CPU
		{E4FEB8D5-D709-4754-A4D3-0B02711F7933}.Debug|Any CPU.ActiveCfg = Debug|Any CPU
		{E4FEB8D5-D709-4754-A4D3-0B02711F7933}.Debug|Any CPU.Build.0 = Debug|Any CPU
		{E4FEB8D5-D709-4754-A4D3-0B02711F7933}.Release|Any CPU.ActiveCfg = Release|Any CPU
		{E4FEB8D5-D709-4754-A4D3-0B02711F7933}.Release|Any CPU.Build.0 = Release|Any CPU
		{A068CECF-43A8-44E1-92BE-EDCD3CD51063}.Debug|Any CPU.ActiveCfg = Debug|Any CPU
		{A068CECF-43A8-44E1-92BE-EDCD3CD51063}.Debug|Any CPU.Build.0 = Debug|Any CPU
		{A068CECF-43A8-44E1-92BE-EDCD3CD51063}.Release|Any CPU.ActiveCfg = Release|Any CPU
		{A068CECF-43A8-44E1-92BE-EDCD3CD51063}.Release|Any CPU.Build.0 = Release|Any CPU
		{2EFA5E39-0D2D-43B4-A7C4-A99A29FB8CEC}.Debug|Any CPU.ActiveCfg = Debug|Any CPU
		{2EFA5E39-0D2D-43B4-A7C4-A99A29FB8CEC}.Debug|Any CPU.Build.0 = Debug|Any CPU
		{2EFA5E39-0D2D-43B4-A7C4-A99A29FB8CEC}.Release|Any CPU.ActiveCfg = Release|Any CPU
		{2EFA5E39-0D2D-43B4-A7C4-A99A29FB8CEC}.Release|Any CPU.Build.0 = Release|Any CPU
		{F58C7574-9AE6-498E-9E08-DCC6B0C9200E}.Debug|Any CPU.ActiveCfg = Debug|Any CPU
		{F58C7574-9AE6-498E-9E08-DCC6B0C9200E}.Debug|Any CPU.Build.0 = Debug|Any CPU
		{F58C7574-9AE6-498E-9E08-DCC6B0C9200E}.Release|Any CPU.ActiveCfg = Release|Any CPU
		{F58C7574-9AE6-498E-9E08-DCC6B0C9200E}.Release|Any CPU.Build.0 = Release|Any CPU
	EndGlobalSection
	GlobalSection(SolutionProperties) = preSolution
		HideSolutionNode = FALSE
	EndGlobalSection
	GlobalSection(NestedProjects) = preSolution
		{AF50951D-AA32-443E-9BBF-8F922833C1FA} = {8DB6B4E9-0F0F-4CCF-8DC3-6617BE7F47BC}
		{E4FEB8D5-D709-4754-A4D3-0B02711F7933} = {8DB6B4E9-0F0F-4CCF-8DC3-6617BE7F47BC}
		{2EFA5E39-0D2D-43B4-A7C4-A99A29FB8CEC} = {8DB6B4E9-0F0F-4CCF-8DC3-6617BE7F47BC}
	EndGlobalSection
EndGlobal
